PODS:
  - Realm (3.3.0):
    - Realm/Headers (= 3.3.0)
  - Realm/Headers (3.3.0)
  - RealmSwift (3.3.0):
    - Realm (= 3.3.0)
  - SCLAlertView (0.8)

DEPENDENCIES:
  - RealmSwift
  - SCLAlertView

SPEC CHECKSUMS:
  Realm: 7d74ad6c5020432f58fe5e1df90bb6d97b2c7fef
  RealmSwift: b2fa31a09c22e246026766557405505eeaad2b01
  SCLAlertView: 6a77bb2edfc65e04dbe57725546cb4107a506b85

PODFILE CHECKSUM: fedb2faa2a28856284b2150942af5dd92b9177c2

COCOAPODS: 1.4.0
