// !$*UTF8*$!
{
	archiveVersion = 1;
	classes = {
	};
	objectVersion = 48;
	objects = {

/* Begin PBXBuildFile section */
		001FA83320854ABB005DE35A /* GreenifyTests.swift in Sources */ = {isa = PBXBuildFile; fileRef = 001FA83220854ABB005DE35A /* GreenifyTests.swift */; };
		00B7A53E207D40A1006C1927 /* HomeStruct.swift in Sources */ = {isa = PBXBuildFile; fileRef = 00B7A53D207D40A1006C1927 /* HomeStruct.swift */; };
		00B7A540207D40C5006C1927 /* Homes.json in Resources */ = {isa = PBXBuildFile; fileRef = 00B7A53F207D40C5006C1927 /* Homes.json */; };
		00FFA46A207D7FB40024C64E /* Contractor.swift in Sources */ = {isa = PBXBuildFile; fileRef = 94B8400D20758CA40011D911 /* Contractor.swift */; };
		9400F07B206057CB00676DB9 /* AppDelegate.swift in Sources */ = {isa = PBXBuildFile; fileRef = 9400F07A206057CB00676DB9 /* AppDelegate.swift */; };
		9400F080206057CB00676DB9 /* TabBar.storyboard in Resources */ = {isa = PBXBuildFile; fileRef = 9400F07E206057CB00676DB9 /* TabBar.storyboard */; };
		9400F082206057CB00676DB9 /* Assets.xcassets in Resources */ = {isa = PBXBuildFile; fileRef = 9400F081206057CB00676DB9 /* Assets.xcassets */; };
		9400F085206057CB00676DB9 /* LaunchScreen.storyboard in Resources */ = {isa = PBXBuildFile; fileRef = 9400F083206057CB00676DB9 /* LaunchScreen.storyboard */; };
		9400F08D2064626800676DB9 /* MyHome.storyboard in Resources */ = {isa = PBXBuildFile; fileRef = 9400F08C2064626800676DB9 /* MyHome.storyboard */; };
		9400F08F2064628400676DB9 /* Learn.storyboard in Resources */ = {isa = PBXBuildFile; fileRef = 9400F08E2064628400676DB9 /* Learn.storyboard */; };
		9400F0912064629200676DB9 /* SavedContractors.storyboard in Resources */ = {isa = PBXBuildFile; fileRef = 9400F0902064629200676DB9 /* SavedContractors.storyboard */; };
		9400F0932064641A00676DB9 /* AvailableContractors.storyboard in Resources */ = {isa = PBXBuildFile; fileRef = 9400F0922064641A00676DB9 /* AvailableContractors.storyboard */; };
		9400F0952064679700676DB9 /* LearnViewController.swift in Sources */ = {isa = PBXBuildFile; fileRef = 9400F0942064679700676DB9 /* LearnViewController.swift */; };
		9400F097206467AE00676DB9 /* SavedContractorsViewController.swift in Sources */ = {isa = PBXBuildFile; fileRef = 9400F096206467AE00676DB9 /* SavedContractorsViewController.swift */; };
		9400F09C206467DC00676DB9 /* AvailableContractorsViewController.swift in Sources */ = {isa = PBXBuildFile; fileRef = 9400F09B206467DC00676DB9 /* AvailableContractorsViewController.swift */; };
		94A0AB182083B3D8008F4054 /* ContractorDetail.storyboard in Resources */ = {isa = PBXBuildFile; fileRef = 94A0AB172083B3D8008F4054 /* ContractorDetail.storyboard */; };
		94A0AB1A2083B405008F4054 /* ContractorDetailViewController.swift in Sources */ = {isa = PBXBuildFile; fileRef = 94A0AB192083B405008F4054 /* ContractorDetailViewController.swift */; };
		94A0AB1C2083BBB3008F4054 /* ChooseHome.storyboard in Resources */ = {isa = PBXBuildFile; fileRef = 94A0AB1B2083BBB3008F4054 /* ChooseHome.storyboard */; };
		94B84012207D51D50011D911 /* ContractorsService.swift in Sources */ = {isa = PBXBuildFile; fileRef = 94B84011207D51D50011D911 /* ContractorsService.swift */; };
		A9645689208545A200719E5D /* ChooseHomeTableViewController.swift in Sources */ = {isa = PBXBuildFile; fileRef = A9645688208545A200719E5D /* ChooseHomeTableViewController.swift */; };
		A96F4A40207C041800F820B2 /* MyHomeViewController.swift in Sources */ = {isa = PBXBuildFile; fileRef = A96F4A3F207C041800F820B2 /* MyHomeViewController.swift */; };
		A96F4A42207C058100F820B2 /* MainRatingView.swift in Sources */ = {isa = PBXBuildFile; fileRef = A96F4A41207C058100F820B2 /* MainRatingView.swift */; };
		A96F4A44207C0E9E00F820B2 /* WaterRatingView.swift in Sources */ = {isa = PBXBuildFile; fileRef = A96F4A43207C0E9E00F820B2 /* WaterRatingView.swift */; };
		A96F4A46207C0EAD00F820B2 /* EnergyRatingView.swift in Sources */ = {isa = PBXBuildFile; fileRef = A96F4A45207C0EAD00F820B2 /* EnergyRatingView.swift */; };
/* End PBXBuildFile section */

/* Begin PBXContainerItemProxy section */
		001FA83520854ABB005DE35A /* PBXContainerItemProxy */ = {
			isa = PBXContainerItemProxy;
			containerPortal = 9400F06F206057CB00676DB9 /* Project object */;
			proxyType = 1;
			remoteGlobalIDString = 9400F076206057CB00676DB9;
			remoteInfo = Greenify;
		};
/* End PBXContainerItemProxy section */

/* Begin PBXFileReference section */
		001FA83020854ABA005DE35A /* GreenifyTests.xctest */ = {isa = PBXFileReference; explicitFileType = wrapper.cfbundle; includeInIndex = 0; path = GreenifyTests.xctest; sourceTree = BUILT_PRODUCTS_DIR; };
		001FA83220854ABB005DE35A /* GreenifyTests.swift */ = {isa = PBXFileReference; lastKnownFileType = sourcecode.swift; path = GreenifyTests.swift; sourceTree = "<group>"; };
		001FA83420854ABB005DE35A /* Info.plist */ = {isa = PBXFileReference; lastKnownFileType = text.plist.xml; path = Info.plist; sourceTree = "<group>"; };
		00B7A53D207D40A1006C1927 /* HomeStruct.swift */ = {isa = PBXFileReference; lastKnownFileType = sourcecode.swift; name = HomeStruct.swift; path = ../HomeStruct.swift; sourceTree = "<group>"; };
		00B7A53F207D40C5006C1927 /* Homes.json */ = {isa = PBXFileReference; explicitFileType = text.json; fileEncoding = 4; path = Homes.json; sourceTree = "<group>"; };
		9400F077206057CB00676DB9 /* Greenify.app */ = {isa = PBXFileReference; explicitFileType = wrapper.application; includeInIndex = 0; path = Greenify.app; sourceTree = BUILT_PRODUCTS_DIR; };
		9400F07A206057CB00676DB9 /* AppDelegate.swift */ = {isa = PBXFileReference; lastKnownFileType = sourcecode.swift; path = AppDelegate.swift; sourceTree = "<group>"; };
		9400F07F206057CB00676DB9 /* Base */ = {isa = PBXFileReference; lastKnownFileType = file.storyboard; name = Base; path = Base.lproj/TabBar.storyboard; sourceTree = "<group>"; };
		9400F081206057CB00676DB9 /* Assets.xcassets */ = {isa = PBXFileReference; lastKnownFileType = folder.assetcatalog; path = Assets.xcassets; sourceTree = "<group>"; };
		9400F084206057CB00676DB9 /* Base */ = {isa = PBXFileReference; lastKnownFileType = file.storyboard; name = Base; path = Base.lproj/LaunchScreen.storyboard; sourceTree = "<group>"; };
		9400F086206057CB00676DB9 /* Info.plist */ = {isa = PBXFileReference; lastKnownFileType = text.plist.xml; path = Info.plist; sourceTree = "<group>"; };
		9400F08C2064626800676DB9 /* MyHome.storyboard */ = {isa = PBXFileReference; lastKnownFileType = file.storyboard; path = MyHome.storyboard; sourceTree = "<group>"; };
		9400F08E2064628400676DB9 /* Learn.storyboard */ = {isa = PBXFileReference; lastKnownFileType = file.storyboard; path = Learn.storyboard; sourceTree = "<group>"; };
		9400F0902064629200676DB9 /* SavedContractors.storyboard */ = {isa = PBXFileReference; lastKnownFileType = file.storyboard; path = SavedContractors.storyboard; sourceTree = "<group>"; };
		9400F0922064641A00676DB9 /* AvailableContractors.storyboard */ = {isa = PBXFileReference; lastKnownFileType = file.storyboard; path = AvailableContractors.storyboard; sourceTree = "<group>"; };
		9400F0942064679700676DB9 /* LearnViewController.swift */ = {isa = PBXFileReference; lastKnownFileType = sourcecode.swift; path = LearnViewController.swift; sourceTree = "<group>"; };
		9400F096206467AE00676DB9 /* SavedContractorsViewController.swift */ = {isa = PBXFileReference; lastKnownFileType = sourcecode.swift; path = SavedContractorsViewController.swift; sourceTree = "<group>"; };
		9400F09B206467DC00676DB9 /* AvailableContractorsViewController.swift */ = {isa = PBXFileReference; lastKnownFileType = sourcecode.swift; path = AvailableContractorsViewController.swift; sourceTree = "<group>"; };
		94A0AB172083B3D8008F4054 /* ContractorDetail.storyboard */ = {isa = PBXFileReference; lastKnownFileType = file.storyboard; path = ContractorDetail.storyboard; sourceTree = "<group>"; };
		94A0AB192083B405008F4054 /* ContractorDetailViewController.swift */ = {isa = PBXFileReference; lastKnownFileType = sourcecode.swift; path = ContractorDetailViewController.swift; sourceTree = "<group>"; };
		94A0AB1B2083BBB3008F4054 /* ChooseHome.storyboard */ = {isa = PBXFileReference; lastKnownFileType = file.storyboard; path = ChooseHome.storyboard; sourceTree = "<group>"; };
		94B8400D20758CA40011D911 /* Contractor.swift */ = {isa = PBXFileReference; lastKnownFileType = sourcecode.swift; path = Contractor.swift; sourceTree = "<group>"; };
		94B84011207D51D50011D911 /* ContractorsService.swift */ = {isa = PBXFileReference; lastKnownFileType = sourcecode.swift; path = ContractorsService.swift; sourceTree = "<group>"; };
		A9645688208545A200719E5D /* ChooseHomeTableViewController.swift */ = {isa = PBXFileReference; lastKnownFileType = sourcecode.swift; path = ChooseHomeTableViewController.swift; sourceTree = "<group>"; };
		A96F4A3F207C041800F820B2 /* MyHomeViewController.swift */ = {isa = PBXFileReference; lastKnownFileType = sourcecode.swift; path = MyHomeViewController.swift; sourceTree = "<group>"; };
		A96F4A41207C058100F820B2 /* MainRatingView.swift */ = {isa = PBXFileReference; lastKnownFileType = sourcecode.swift; path = MainRatingView.swift; sourceTree = "<group>"; };
		A96F4A43207C0E9E00F820B2 /* WaterRatingView.swift */ = {isa = PBXFileReference; lastKnownFileType = sourcecode.swift; path = WaterRatingView.swift; sourceTree = "<group>"; };
		A96F4A45207C0EAD00F820B2 /* EnergyRatingView.swift */ = {isa = PBXFileReference; lastKnownFileType = sourcecode.swift; path = EnergyRatingView.swift; sourceTree = "<group>"; };
/* End PBXFileReference section */

/* Begin PBXFrameworksBuildPhase section */
		001FA82D20854ABA005DE35A /* Frameworks */ = {
			isa = PBXFrameworksBuildPhase;
			buildActionMask = 2147483647;
			files = (
			);
			runOnlyForDeploymentPostprocessing = 0;
		};
		9400F074206057CB00676DB9 /* Frameworks */ = {
			isa = PBXFrameworksBuildPhase;
			buildActionMask = 2147483647;
			files = (
			);
			runOnlyForDeploymentPostprocessing = 0;
		};
/* End PBXFrameworksBuildPhase section */

/* Begin PBXGroup section */
		001FA83120854ABA005DE35A /* GreenifyTests */ = {
			isa = PBXGroup;
			children = (
				001FA83220854ABB005DE35A /* GreenifyTests.swift */,
				001FA83420854ABB005DE35A /* Info.plist */,
			);
			path = GreenifyTests;
			sourceTree = "<group>";
		};
		9400F06E206057CB00676DB9 = {
			isa = PBXGroup;
			children = (
				9400F079206057CB00676DB9 /* Greenify */,
				001FA83120854ABA005DE35A /* GreenifyTests */,
				9400F078206057CB00676DB9 /* Products */,
			);
			sourceTree = "<group>";
		};
		9400F078206057CB00676DB9 /* Products */ = {
			isa = PBXGroup;
			children = (
				9400F077206057CB00676DB9 /* Greenify.app */,
				001FA83020854ABA005DE35A /* GreenifyTests.xctest */,
			);
			name = Products;
			sourceTree = "<group>";
		};
		9400F079206057CB00676DB9 /* Greenify */ = {
			isa = PBXGroup;
			children = (
				A96456872085457B00719E5D /* ChooseHome */,
				00B7A53D207D40A1006C1927 /* HomeStruct.swift */,
				00B7A53F207D40C5006C1927 /* Homes.json */,
				9400F07A206057CB00676DB9 /* AppDelegate.swift */,
				9400F09E2064697800676DB9 /* Tab Bar */,
				9400F081206057CB00676DB9 /* Assets.xcassets */,
				9400F083206057CB00676DB9 /* LaunchScreen.storyboard */,
				9400F086206057CB00676DB9 /* Info.plist */,
				9400F09D2064696F00676DB9 /* My Home */,
				9400F099206467C000676DB9 /* Learn */,
				9400F098206467B600676DB9 /* Saved Contractors */,
				9400F09A206467C700676DB9 /* Available Contractors */,
				94A0AB162083B3BB008F4054 /* Contractor Detail */,
			);
			path = Greenify;
			sourceTree = "<group>";
		};
		9400F098206467B600676DB9 /* Saved Contractors */ = {
			isa = PBXGroup;
			children = (
				9400F0902064629200676DB9 /* SavedContractors.storyboard */,
				9400F096206467AE00676DB9 /* SavedContractorsViewController.swift */,
			);
			path = "Saved Contractors";
			sourceTree = "<group>";
		};
		9400F099206467C000676DB9 /* Learn */ = {
			isa = PBXGroup;
			children = (
				9400F08E2064628400676DB9 /* Learn.storyboard */,
				9400F0942064679700676DB9 /* LearnViewController.swift */,
			);
			path = Learn;
			sourceTree = "<group>";
		};
		9400F09A206467C700676DB9 /* Available Contractors */ = {
			isa = PBXGroup;
			children = (
				94B8400D20758CA40011D911 /* Contractor.swift */,
				9400F0922064641A00676DB9 /* AvailableContractors.storyboard */,
				9400F09B206467DC00676DB9 /* AvailableContractorsViewController.swift */,
				94B84011207D51D50011D911 /* ContractorsService.swift */,
			);
			path = "Available Contractors";
			sourceTree = "<group>";
		};
		9400F09D2064696F00676DB9 /* My Home */ = {
			isa = PBXGroup;
			children = (
				9400F08C2064626800676DB9 /* MyHome.storyboard */,
				A96F4A3F207C041800F820B2 /* MyHomeViewController.swift */,
				A96F4A41207C058100F820B2 /* MainRatingView.swift */,
				A96F4A43207C0E9E00F820B2 /* WaterRatingView.swift */,
				A96F4A45207C0EAD00F820B2 /* EnergyRatingView.swift */,
			);
			path = "My Home";
			sourceTree = "<group>";
		};
		9400F09E2064697800676DB9 /* Tab Bar */ = {
			isa = PBXGroup;
			children = (
				9400F07E206057CB00676DB9 /* TabBar.storyboard */,
			);
			path = "Tab Bar";
			sourceTree = "<group>";
		};
		94A0AB162083B3BB008F4054 /* Contractor Detail */ = {
			isa = PBXGroup;
			children = (
				94A0AB172083B3D8008F4054 /* ContractorDetail.storyboard */,
				94A0AB192083B405008F4054 /* ContractorDetailViewController.swift */,
			);
			path = "Contractor Detail";
			sourceTree = "<group>";
		};
		A96456872085457B00719E5D /* ChooseHome */ = {
			isa = PBXGroup;
			children = (
				94A0AB1B2083BBB3008F4054 /* ChooseHome.storyboard */,
				A9645688208545A200719E5D /* ChooseHomeTableViewController.swift */,
			);
			path = ChooseHome;
			sourceTree = "<group>";
		};
/* End PBXGroup section */

/* Begin PBXNativeTarget section */
		001FA82F20854ABA005DE35A /* GreenifyTests */ = {
			isa = PBXNativeTarget;
			buildConfigurationList = 001FA83920854ABB005DE35A /* Build configuration list for PBXNativeTarget "GreenifyTests" */;
			buildPhases = (
				001FA82C20854ABA005DE35A /* Sources */,
				001FA82D20854ABA005DE35A /* Frameworks */,
				001FA82E20854ABA005DE35A /* Resources */,
			);
			buildRules = (
			);
			dependencies = (
				001FA83620854ABB005DE35A /* PBXTargetDependency */,
			);
			name = GreenifyTests;
			productName = GreenifyTests;
			productReference = 001FA83020854ABA005DE35A /* GreenifyTests.xctest */;
			productType = "com.apple.product-type.bundle.unit-test";
		};
		9400F076206057CB00676DB9 /* Greenify */ = {
			isa = PBXNativeTarget;
			buildConfigurationList = 9400F089206057CB00676DB9 /* Build configuration list for PBXNativeTarget "Greenify" */;
			buildPhases = (
				9400F073206057CB00676DB9 /* Sources */,
				9400F074206057CB00676DB9 /* Frameworks */,
				9400F075206057CB00676DB9 /* Resources */,
			);
			buildRules = (
			);
			dependencies = (
			);
			name = Greenify;
			productName = Greenify;
			productReference = 9400F077206057CB00676DB9 /* Greenify.app */;
			productType = "com.apple.product-type.application";
		};
/* End PBXNativeTarget section */

/* Begin PBXProject section */
		9400F06F206057CB00676DB9 /* Project object */ = {
			isa = PBXProject;
			attributes = {
				LastSwiftUpdateCheck = 0920;
				LastUpgradeCheck = 0920;
				ORGANIZATIONNAME = Greenify;
				TargetAttributes = {
					001FA82F20854ABA005DE35A = {
						CreatedOnToolsVersion = 9.2;
						ProvisioningStyle = Automatic;
						TestTargetID = 9400F076206057CB00676DB9;
					};
					9400F076206057CB00676DB9 = {
						CreatedOnToolsVersion = 9.2;
						ProvisioningStyle = Automatic;
					};
				};
			};
			buildConfigurationList = 9400F072206057CB00676DB9 /* Build configuration list for PBXProject "Greenify" */;
			compatibilityVersion = "Xcode 8.0";
			developmentRegion = en;
			hasScannedForEncodings = 0;
			knownRegions = (
				en,
				Base,
			);
			mainGroup = 9400F06E206057CB00676DB9;
			productRefGroup = 9400F078206057CB00676DB9 /* Products */;
			projectDirPath = "";
			projectRoot = "";
			targets = (
				9400F076206057CB00676DB9 /* Greenify */,
				001FA82F20854ABA005DE35A /* GreenifyTests */,
			);
		};
/* End PBXProject section */

/* Begin PBXResourcesBuildPhase section */
		001FA82E20854ABA005DE35A /* Resources */ = {
			isa = PBXResourcesBuildPhase;
			buildActionMask = 2147483647;
			files = (
			);
			runOnlyForDeploymentPostprocessing = 0;
		};
		9400F075206057CB00676DB9 /* Resources */ = {
			isa = PBXResourcesBuildPhase;
			buildActionMask = 2147483647;
			files = (
				9400F085206057CB00676DB9 /* LaunchScreen.storyboard in Resources */,
				94A0AB1C2083BBB3008F4054 /* ChooseHome.storyboard in Resources */,
				94A0AB182083B3D8008F4054 /* ContractorDetail.storyboard in Resources */,
				9400F082206057CB00676DB9 /* Assets.xcassets in Resources */,
				9400F08F2064628400676DB9 /* Learn.storyboard in Resources */,
				9400F0932064641A00676DB9 /* AvailableContractors.storyboard in Resources */,
				9400F080206057CB00676DB9 /* TabBar.storyboard in Resources */,
				9400F08D2064626800676DB9 /* MyHome.storyboard in Resources */,
				00B7A540207D40C5006C1927 /* Homes.json in Resources */,
				9400F0912064629200676DB9 /* SavedContractors.storyboard in Resources */,
			);
			runOnlyForDeploymentPostprocessing = 0;
		};
/* End PBXResourcesBuildPhase section */

/* Begin PBXSourcesBuildPhase section */
		001FA82C20854ABA005DE35A /* Sources */ = {
			isa = PBXSourcesBuildPhase;
			buildActionMask = 2147483647;
			files = (
				001FA83320854ABB005DE35A /* GreenifyTests.swift in Sources */,
			);
			runOnlyForDeploymentPostprocessing = 0;
		};
		9400F073206057CB00676DB9 /* Sources */ = {
			isa = PBXSourcesBuildPhase;
			buildActionMask = 2147483647;
			files = (
				A96F4A44207C0E9E00F820B2 /* WaterRatingView.swift in Sources */,
				A96F4A42207C058100F820B2 /* MainRatingView.swift in Sources */,
				00B7A53E207D40A1006C1927 /* HomeStruct.swift in Sources */,
				9400F07B206057CB00676DB9 /* AppDelegate.swift in Sources */,
				A96F4A46207C0EAD00F820B2 /* EnergyRatingView.swift in Sources */,
				A9645689208545A200719E5D /* ChooseHomeTableViewController.swift in Sources */,
				9400F0952064679700676DB9 /* LearnViewController.swift in Sources */,
				94B84012207D51D50011D911 /* ContractorsService.swift in Sources */,
				9400F097206467AE00676DB9 /* SavedContractorsViewController.swift in Sources */,
				A96F4A40207C041800F820B2 /* MyHomeViewController.swift in Sources */,
				94A0AB1A2083B405008F4054 /* ContractorDetailViewController.swift in Sources */,
				9400F09C206467DC00676DB9 /* AvailableContractorsViewController.swift in Sources */,
				00FFA46A207D7FB40024C64E /* Contractor.swift in Sources */,
			);
			runOnlyForDeploymentPostprocessing = 0;
		};
/* End PBXSourcesBuildPhase section */

/* Begin PBXTargetDependency section */
		001FA83620854ABB005DE35A /* PBXTargetDependency */ = {
			isa = PBXTargetDependency;
			target = 9400F076206057CB00676DB9 /* Greenify */;
			targetProxy = 001FA83520854ABB005DE35A /* PBXContainerItemProxy */;
		};
/* End PBXTargetDependency section */

/* Begin PBXVariantGroup section */
		9400F07E206057CB00676DB9 /* TabBar.storyboard */ = {
			isa = PBXVariantGroup;
			children = (
				9400F07F206057CB00676DB9 /* Base */,
			);
			name = TabBar.storyboard;
			sourceTree = "<group>";
		};
		9400F083206057CB00676DB9 /* LaunchScreen.storyboard */ = {
			isa = PBXVariantGroup;
			children = (
				9400F084206057CB00676DB9 /* Base */,
			);
			name = LaunchScreen.storyboard;
			sourceTree = "<group>";
		};
/* End PBXVariantGroup section */

/* Begin XCBuildConfiguration section */
		001FA83720854ABB005DE35A /* Debug */ = {
			isa = XCBuildConfiguration;
			buildSettings = {
				BUNDLE_LOADER = "$(TEST_HOST)";
				CODE_SIGN_STYLE = Automatic;
				DEVELOPMENT_TEAM = KV7BV7864H;
				INFOPLIST_FILE = GreenifyTests/Info.plist;
				LD_RUNPATH_SEARCH_PATHS = "$(inherited) @executable_path/Frameworks @loader_path/Frameworks";
				PRODUCT_BUNDLE_IDENTIFIER = MarkKhulenberg.GreenifyTests;
				PRODUCT_NAME = "$(TARGET_NAME)";
				SWIFT_VERSION = 4.0;
				TARGETED_DEVICE_FAMILY = "1,2";
				TEST_HOST = "$(BUILT_PRODUCTS_DIR)/Greenify.app/Greenify";
			};
			name = Debug;
		};
		001FA83820854ABB005DE35A /* Release */ = {
			isa = XCBuildConfiguration;
			buildSettings = {
				BUNDLE_LOADER = "$(TEST_HOST)";
				CODE_SIGN_STYLE = Automatic;
				DEVELOPMENT_TEAM = KV7BV7864H;
				INFOPLIST_FILE = GreenifyTests/Info.plist;
				LD_RUNPATH_SEARCH_PATHS = "$(inherited) @executable_path/Frameworks @loader_path/Frameworks";
				PRODUCT_BUNDLE_IDENTIFIER = MarkKhulenberg.GreenifyTests;
				PRODUCT_NAME = "$(TARGET_NAME)";
				SWIFT_VERSION = 4.0;
				TARGETED_DEVICE_FAMILY = "1,2";
				TEST_HOST = "$(BUILT_PRODUCTS_DIR)/Greenify.app/Greenify";
			};
			name = Release;
		};
		9400F087206057CB00676DB9 /* Debug */ = {
			isa = XCBuildConfiguration;
			buildSettings = {
				ALWAYS_SEARCH_USER_PATHS = NO;
				CLANG_ANALYZER_NONNULL = YES;
				CLANG_ANALYZER_NUMBER_OBJECT_CONVERSION = YES_AGGRESSIVE;
				CLANG_CXX_LANGUAGE_STANDARD = "gnu++14";
				CLANG_CXX_LIBRARY = "libc++";
				CLANG_ENABLE_MODULES = YES;
				CLANG_ENABLE_OBJC_ARC = YES;
				CLANG_WARN_BLOCK_CAPTURE_AUTORELEASING = YES;
				CLANG_WARN_BOOL_CONVERSION = YES;
				CLANG_WARN_COMMA = YES;
				CLANG_WARN_CONSTANT_CONVERSION = YES;
				CLANG_WARN_DIRECT_OBJC_ISA_USAGE = YES_ERROR;
				CLANG_WARN_DOCUMENTATION_COMMENTS = YES;
				CLANG_WARN_EMPTY_BODY = YES;
				CLANG_WARN_ENUM_CONVERSION = YES;
				CLANG_WARN_INFINITE_RECURSION = YES;
				CLANG_WARN_INT_CONVERSION = YES;
				CLANG_WARN_NON_LITERAL_NULL_CONVERSION = YES;
				CLANG_WARN_OBJC_LITERAL_CONVERSION = YES;
				CLANG_WARN_OBJC_ROOT_CLASS = YES_ERROR;
				CLANG_WARN_RANGE_LOOP_ANALYSIS = YES;
				CLANG_WARN_STRICT_PROTOTYPES = YES;
				CLANG_WARN_SUSPICIOUS_MOVE = YES;
				CLANG_WARN_UNGUARDED_AVAILABILITY = YES_AGGRESSIVE;
				CLANG_WARN_UNREACHABLE_CODE = YES;
				CLANG_WARN__DUPLICATE_METHOD_MATCH = YES;
				CODE_SIGN_IDENTITY = "iPhone Developer";
				COPY_PHASE_STRIP = NO;
				DEBUG_INFORMATION_FORMAT = dwarf;
				ENABLE_STRICT_OBJC_MSGSEND = YES;
				ENABLE_TESTABILITY = YES;
				GCC_C_LANGUAGE_STANDARD = gnu11;
				GCC_DYNAMIC_NO_PIC = NO;
				GCC_NO_COMMON_BLOCKS = YES;
				GCC_OPTIMIZATION_LEVEL = 0;
				GCC_PREPROCESSOR_DEFINITIONS = (
					"DEBUG=1",
					"$(inherited)",
				);
				GCC_WARN_64_TO_32_BIT_CONVERSION = YES;
				GCC_WARN_ABOUT_RETURN_TYPE = YES_ERROR;
				GCC_WARN_UNDECLARED_SELECTOR = YES;
				GCC_WARN_UNINITIALIZED_AUTOS = YES_AGGRESSIVE;
				GCC_WARN_UNUSED_FUNCTION = YES;
				GCC_WARN_UNUSED_VARIABLE = YES;
				IPHONEOS_DEPLOYMENT_TARGET = 11.2;
				MTL_ENABLE_DEBUG_INFO = YES;
				ONLY_ACTIVE_ARCH = YES;
				SDKROOT = iphoneos;
				SWIFT_ACTIVE_COMPILATION_CONDITIONS = DEBUG;
				SWIFT_OPTIMIZATION_LEVEL = "-Onone";
			};
			name = Debug;
		};
		9400F088206057CB00676DB9 /* Release */ = {
			isa = XCBuildConfiguration;
			buildSettings = {
				ALWAYS_SEARCH_USER_PATHS = NO;
				CLANG_ANALYZER_NONNULL = YES;
				CLANG_ANALYZER_NUMBER_OBJECT_CONVERSION = YES_AGGRESSIVE;
				CLANG_CXX_LANGUAGE_STANDARD = "gnu++14";
				CLANG_CXX_LIBRARY = "libc++";
				CLANG_ENABLE_MODULES = YES;
				CLANG_ENABLE_OBJC_ARC = YES;
				CLANG_WARN_BLOCK_CAPTURE_AUTORELEASING = YES;
				CLANG_WARN_BOOL_CONVERSION = YES;
				CLANG_WARN_COMMA = YES;
				CLANG_WARN_CONSTANT_CONVERSION = YES;
				CLANG_WARN_DIRECT_OBJC_ISA_USAGE = YES_ERROR;
				CLANG_WARN_DOCUMENTATION_COMMENTS = YES;
				CLANG_WARN_EMPTY_BODY = YES;
				CLANG_WARN_ENUM_CONVERSION = YES;
				CLANG_WARN_INFINITE_RECURSION = YES;
				CLANG_WARN_INT_CONVERSION = YES;
				CLANG_WARN_NON_LITERAL_NULL_CONVERSION = YES;
				CLANG_WARN_OBJC_LITERAL_CONVERSION = YES;
				CLANG_WARN_OBJC_ROOT_CLASS = YES_ERROR;
				CLANG_WARN_RANGE_LOOP_ANALYSIS = YES;
				CLANG_WARN_STRICT_PROTOTYPES = YES;
				CLANG_WARN_SUSPICIOUS_MOVE = YES;
				CLANG_WARN_UNGUARDED_AVAILABILITY = YES_AGGRESSIVE;
				CLANG_WARN_UNREACHABLE_CODE = YES;
				CLANG_WARN__DUPLICATE_METHOD_MATCH = YES;
				CODE_SIGN_IDENTITY = "iPhone Developer";
				COPY_PHASE_STRIP = NO;
				DEBUG_INFORMATION_FORMAT = "dwarf-with-dsym";
				ENABLE_NS_ASSERTIONS = NO;
				ENABLE_STRICT_OBJC_MSGSEND = YES;
				GCC_C_LANGUAGE_STANDARD = gnu11;
				GCC_NO_COMMON_BLOCKS = YES;
				GCC_WARN_64_TO_32_BIT_CONVERSION = YES;
				GCC_WARN_ABOUT_RETURN_TYPE = YES_ERROR;
				GCC_WARN_UNDECLARED_SELECTOR = YES;
				GCC_WARN_UNINITIALIZED_AUTOS = YES_AGGRESSIVE;
				GCC_WARN_UNUSED_FUNCTION = YES;
				GCC_WARN_UNUSED_VARIABLE = YES;
				IPHONEOS_DEPLOYMENT_TARGET = 11.2;
				MTL_ENABLE_DEBUG_INFO = NO;
				SDKROOT = iphoneos;
				SWIFT_OPTIMIZATION_LEVEL = "-Owholemodule";
				VALIDATE_PRODUCT = YES;
			};
			name = Release;
		};
		9400F08A206057CB00676DB9 /* Debug */ = {
			isa = XCBuildConfiguration;
			buildSettings = {
				ASSETCATALOG_COMPILER_APPICON_NAME = AppIcon;
				CODE_SIGN_STYLE = Automatic;
				DEVELOPMENT_TEAM = ZJLFFAMQMD;
				INFOPLIST_FILE = Greenify/Info.plist;
				LD_RUNPATH_SEARCH_PATHS = "$(inherited) @executable_path/Frameworks";
				PRODUCT_BUNDLE_IDENTIFIER = GRFY.Greenify;
				PRODUCT_NAME = "$(TARGET_NAME)";
				SWIFT_VERSION = 4.0;
				TARGETED_DEVICE_FAMILY = "1,2";
			};
			name = Debug;
		};
		9400F08B206057CB00676DB9 /* Release */ = {
			isa = XCBuildConfiguration;
			buildSettings = {
				ASSETCATALOG_COMPILER_APPICON_NAME = AppIcon;
				CODE_SIGN_STYLE = Automatic;
				DEVELOPMENT_TEAM = ZJLFFAMQMD;
				INFOPLIST_FILE = Greenify/Info.plist;
				LD_RUNPATH_SEARCH_PATHS = "$(inherited) @executable_path/Frameworks";
				PRODUCT_BUNDLE_IDENTIFIER = GRFY.Greenify;
				PRODUCT_NAME = "$(TARGET_NAME)";
				SWIFT_VERSION = 4.0;
				TARGETED_DEVICE_FAMILY = "1,2";
			};
			name = Release;
		};
/* End XCBuildConfiguration section */

/* Begin XCConfigurationList section */
		001FA83920854ABB005DE35A /* Build configuration list for PBXNativeTarget "GreenifyTests" */ = {
			isa = XCConfigurationList;
			buildConfigurations = (
				001FA83720854ABB005DE35A /* Debug */,
				001FA83820854ABB005DE35A /* Release */,
			);
			defaultConfigurationIsVisible = 0;
			defaultConfigurationName = Release;
		};
		9400F072206057CB00676DB9 /* Build configuration list for PBXProject "Greenify" */ = {
			isa = XCConfigurationList;
			buildConfigurations = (
				9400F087206057CB00676DB9 /* Debug */,
				9400F088206057CB00676DB9 /* Release */,
			);
			defaultConfigurationIsVisible = 0;
			defaultConfigurationName = Release;
		};
		9400F089206057CB00676DB9 /* Build configuration list for PBXNativeTarget "Greenify" */ = {
			isa = XCConfigurationList;
			buildConfigurations = (
				9400F08A206057CB00676DB9 /* Debug */,
				9400F08B206057CB00676DB9 /* Release */,
			);
			defaultConfigurationIsVisible = 0;
			defaultConfigurationName = Release;
		};
/* End XCConfigurationList section */
	};
	rootObject = 9400F06F206057CB00676DB9 /* Project object */;
}
